{
  "version": 4,
  "terraform_version": "1.3.6",
  "serial": 72,
  "lineage": "7d59efda-bfef-67ad-6f4b-07198b49f9dd",
  "outputs": {
    "iis_cert_import_script": {
      "value": "$certFilePath = \"D:\\temp\\cer\\mycert.pfx\"\n$password = ConvertTo-SecureString -String \"admin@123\" -Force -AsPlainText\n$certificate = New-Object System.Security.Cryptography.X509Certificates.X509Certificate2($certFilePath, $password)\n$certStore = New-Object System.Security.Cryptography.X509Certificates.X509Store(\"My\", \"LocalMachine\")\n$certStore.Open(\"ReadWrite\")\n$certStore.Add($certificate)\n$certStore.Close()\nNew-WebBinding -Name \"Default Website\" -IPAddress \"*\" -Port 443 -Protocol \"https\" -SslFlags 1 -CertificateThumbPrint \"640E366F99027C55706059FABF235B2F7CCFAD56\"\n\n",
      "type": "string"
    },
    "iis_cert_import_script_encoded": {
      "value": "JGNlcnRGaWxlUGF0aCA9ICJEOlx0ZW1wXGNlclxteWNlcnQucGZ4IgokcGFzc3dvcmQgPSBDb252ZXJ0VG8tU2VjdXJlU3RyaW5nIC1TdHJpbmcgImFkbWluQDEyMyIgLUZvcmNlIC1Bc1BsYWluVGV4dAokY2VydGlmaWNhdGUgPSBOZXctT2JqZWN0IFN5c3RlbS5TZWN1cml0eS5DcnlwdG9ncmFwaHkuWDUwOUNlcnRpZmljYXRlcy5YNTA5Q2VydGlmaWNhdGUyKCRjZXJ0RmlsZVBhdGgsICRwYXNzd29yZCkKJGNlcnRTdG9yZSA9IE5ldy1PYmplY3QgU3lzdGVtLlNlY3VyaXR5LkNyeXB0b2dyYXBoeS5YNTA5Q2VydGlmaWNhdGVzLlg1MDlTdG9yZSgiTXkiLCAiTG9jYWxNYWNoaW5lIikKJGNlcnRTdG9yZS5PcGVuKCJSZWFkV3JpdGUiKQokY2VydFN0b3JlLkFkZCgkY2VydGlmaWNhdGUpCiRjZXJ0U3RvcmUuQ2xvc2UoKQpOZXctV2ViQmluZGluZyAtTmFtZSAiRGVmYXVsdCBXZWJzaXRlIiAtSVBBZGRyZXNzICIqIiAtUG9ydCA0NDMgLVByb3RvY29sICJodHRwcyIgLVNzbEZsYWdzIDEgLUNlcnRpZmljYXRlVGh1bWJQcmludCAiNjQwRTM2NkY5OTAyN0M1NTcwNjA1OUZBQkYyMzVCMkY3Q0NGQUQ1NiIKCg==",
      "type": "string"
    },
    "virtual_machine_id": {
      "value": "/subscriptions/a15fb3ea-5303-4031-a93a-e7019dcbf285/resourceGroups/app-grp/providers/Microsoft.Compute/virtualMachines/appvm",
      "type": "string"
    }
  },
  "resources": [
    {
      "mode": "data",
      "type": "template_file",
      "name": "iis_cert_import_script",
      "provider": "provider[\"registry.terraform.io/hashicorp/template\"]",
      "instances": [
        {
          "schema_version": 0,
          "attributes": {
            "filename": null,
            "id": "37265e807e634d2298b70a7a3f84dca80a580a5d75c1f46a6662f5fbf1c4ad21",
            "rendered": "$certFilePath = \"D:\\temp\\cer\\mycert.pfx\"\r\n$password = ConvertTo-SecureString -String \"admin@123\" -Force -AsPlainText\r\n$certificate = New-Object System.Security.Cryptography.X509Certificates.X509Certificate2($certFilePath, $password)\r\n$certStore = New-Object System.Security.Cryptography.X509Certificates.X509Store(\"My\", \"LocalMachine\")\r\n$certStore.Open(\"ReadWrite\")\r\n$certStore.Add($certificate)\r\n$certStore.Close()\r\nNew-WebBinding -Name \"Default Website\" -IPAddress \"*\" -Port 443 -Protocol \"https\" -SslFlags 1 -CertificateThumbPrint \"640E366F99027C55706059FABF235B2F7CCFAD56\"\r\n\r\n",
            "template": "$certFilePath = \"D:\\temp\\cer\\mycert.pfx\"\r\n$password = ConvertTo-SecureString -String \"admin@123\" -Force -AsPlainText\r\n$certificate = New-Object System.Security.Cryptography.X509Certificates.X509Certificate2($certFilePath, $password)\r\n$certStore = New-Object System.Security.Cryptography.X509Certificates.X509Store(\"My\", \"LocalMachine\")\r\n$certStore.Open(\"ReadWrite\")\r\n$certStore.Add($certificate)\r\n$certStore.Close()\r\nNew-WebBinding -Name \"Default Website\" -IPAddress \"*\" -Port 443 -Protocol \"https\" -SslFlags 1 -CertificateThumbPrint \"640E366F99027C55706059FABF235B2F7CCFAD56\"\r\n\r\n",
            "vars": null
          },
          "sensitive_attributes": []
        }
      ]
    },
    {
      "mode": "managed",
      "type": "azurerm_network_interface",
      "name": "app_interface",
      "provider": "provider[\"registry.terraform.io/hashicorp/azurerm\"]",
      "instances": [
        {
          "schema_version": 0,
          "attributes": {
            "applied_dns_servers": [],
            "dns_servers": [],
            "edge_zone": "",
            "enable_accelerated_networking": false,
            "enable_ip_forwarding": false,
            "id": "/subscriptions/a15fb3ea-5303-4031-a93a-e7019dcbf285/resourceGroups/app-grp/providers/Microsoft.Network/networkInterfaces/app-interface",
            "internal_dns_name_label": "",
            "internal_domain_name_suffix": "gzumyv2hb2ferealwu0lywdoag.ax.internal.cloudapp.net",
            "ip_configuration": [
              {
                "gateway_load_balancer_frontend_ip_configuration_id": "",
                "name": "internal",
                "primary": true,
                "private_ip_address": "10.0.1.4",
                "private_ip_address_allocation": "Dynamic",
                "private_ip_address_version": "IPv4",
                "public_ip_address_id": "/subscriptions/a15fb3ea-5303-4031-a93a-e7019dcbf285/resourceGroups/app-grp/providers/Microsoft.Network/publicIPAddresses/app-public-ip",
                "subnet_id": "/subscriptions/a15fb3ea-5303-4031-a93a-e7019dcbf285/resourceGroups/app-grp/providers/Microsoft.Network/virtualNetworks/app-network/subnets/SubnetA"
              }
            ],
            "location": "westeurope",
            "mac_address": "60-45-BD-A0-FA-02",
            "name": "app-interface",
            "private_ip_address": "10.0.1.4",
            "private_ip_addresses": [
              "10.0.1.4"
            ],
            "resource_group_name": "app-grp",
            "tags": {},
            "timeouts": null,
            "virtual_machine_id": "/subscriptions/a15fb3ea-5303-4031-a93a-e7019dcbf285/resourceGroups/app-grp/providers/Microsoft.Compute/virtualMachines/appvm"
          },
          "sensitive_attributes": [],
          "private": "eyJlMmJmYjczMC1lY2FhLTExZTYtOGY4OC0zNDM2M2JjN2M0YzAiOnsiY3JlYXRlIjoxODAwMDAwMDAwMDAwLCJkZWxldGUiOjE4MDAwMDAwMDAwMDAsInJlYWQiOjMwMDAwMDAwMDAwMCwidXBkYXRlIjoxODAwMDAwMDAwMDAwfX0=",
          "dependencies": [
            "azurerm_public_ip.app_public_ip",
            "azurerm_resource_group.app_grp",
            "azurerm_subnet.SubnetA",
            "azurerm_virtual_network.app_network"
          ]
        }
      ]
    },
    {
      "mode": "managed",
      "type": "azurerm_public_ip",
      "name": "app_public_ip",
      "provider": "provider[\"registry.terraform.io/hashicorp/azurerm\"]",
      "instances": [
        {
          "schema_version": 0,
          "attributes": {
            "allocation_method": "Static",
            "ddos_protection_mode": "VirtualNetworkInherited",
            "ddos_protection_plan_id": null,
            "domain_name_label": null,
            "edge_zone": "",
            "fqdn": null,
            "id": "/subscriptions/a15fb3ea-5303-4031-a93a-e7019dcbf285/resourceGroups/app-grp/providers/Microsoft.Network/publicIPAddresses/app-public-ip",
            "idle_timeout_in_minutes": 4,
            "ip_address": "51.145.235.164",
            "ip_tags": {},
            "ip_version": "IPv4",
            "location": "westeurope",
            "name": "app-public-ip",
            "public_ip_prefix_id": null,
            "resource_group_name": "app-grp",
            "reverse_fqdn": null,
            "sku": "Basic",
            "sku_tier": "Regional",
            "tags": {},
            "timeouts": null,
            "zones": []
          },
          "sensitive_attributes": [],
          "private": "eyJlMmJmYjczMC1lY2FhLTExZTYtOGY4OC0zNDM2M2JjN2M0YzAiOnsiY3JlYXRlIjoxODAwMDAwMDAwMDAwLCJkZWxldGUiOjE4MDAwMDAwMDAwMDAsInJlYWQiOjMwMDAwMDAwMDAwMCwidXBkYXRlIjoxODAwMDAwMDAwMDAwfX0=",
          "dependencies": [
            "azurerm_resource_group.app_grp"
          ]
        }
      ]
    },
    {
      "mode": "managed",
      "type": "azurerm_resource_group",
      "name": "app_grp",
      "provider": "provider[\"registry.terraform.io/hashicorp/azurerm\"]",
      "instances": [
        {
          "schema_version": 0,
          "attributes": {
            "id": "/subscriptions/a15fb3ea-5303-4031-a93a-e7019dcbf285/resourceGroups/app-grp",
            "location": "westeurope",
            "name": "app-grp",
            "tags": {},
            "timeouts": null
          },
          "sensitive_attributes": [],
          "private": "eyJlMmJmYjczMC1lY2FhLTExZTYtOGY4OC0zNDM2M2JjN2M0YzAiOnsiY3JlYXRlIjo1NDAwMDAwMDAwMDAwLCJkZWxldGUiOjU0MDAwMDAwMDAwMDAsInJlYWQiOjMwMDAwMDAwMDAwMCwidXBkYXRlIjo1NDAwMDAwMDAwMDAwfX0="
        }
      ]
    },
    {
      "mode": "managed",
      "type": "azurerm_storage_account",
      "name": "appstore",
      "provider": "provider[\"registry.terraform.io/hashicorp/azurerm\"]",
      "instances": [
        {
          "schema_version": 3,
          "attributes": {
            "access_tier": "Hot",
            "account_kind": "StorageV2",
            "account_replication_type": "LRS",
            "account_tier": "Standard",
            "allow_nested_items_to_be_public": true,
            "allowed_copy_scope": "",
            "azure_files_authentication": [],
            "blob_properties": [
              {
                "change_feed_enabled": false,
                "change_feed_retention_in_days": 0,
                "container_delete_retention_policy": [],
                "cors_rule": [],
                "default_service_version": "",
                "delete_retention_policy": [],
                "last_access_time_enabled": false,
                "restore_policy": [],
                "versioning_enabled": false
              }
            ],
            "cross_tenant_replication_enabled": true,
            "custom_domain": [],
            "customer_managed_key": [],
            "default_to_oauth_authentication": false,
            "edge_zone": "",
            "enable_https_traffic_only": true,
            "id": "/subscriptions/a15fb3ea-5303-4031-a93a-e7019dcbf285/resourceGroups/app-grp/providers/Microsoft.Storage/storageAccounts/appstore4577687190",
            "identity": [],
            "immutability_policy": [],
            "infrastructure_encryption_enabled": false,
            "is_hns_enabled": false,
            "large_file_share_enabled": null,
            "location": "westeurope",
            "min_tls_version": "TLS1_2",
            "name": "appstore4577687190",
            "network_rules": [
              {
                "bypass": [
                  "AzureServices"
                ],
                "default_action": "Allow",
                "ip_rules": [],
                "private_link_access": [],
                "virtual_network_subnet_ids": []
              }
            ],
            "nfsv3_enabled": false,
            "primary_access_key": "NnQtf4fnKmbGhEg8iQec1+0idiClv9oHLmSbcVtFS9JkO4ur0nFJlDnI8BcTv3Qe2uWhtexmEtqt+ASt04mh3Q==",
            "primary_blob_connection_string": "DefaultEndpointsProtocol=https;BlobEndpoint=https://appstore4577687190.blob.core.windows.net/;AccountName=appstore4577687190;AccountKey=NnQtf4fnKmbGhEg8iQec1+0idiClv9oHLmSbcVtFS9JkO4ur0nFJlDnI8BcTv3Qe2uWhtexmEtqt+ASt04mh3Q==",
            "primary_blob_endpoint": "https://appstore4577687190.blob.core.windows.net/",
            "primary_blob_host": "appstore4577687190.blob.core.windows.net",
            "primary_connection_string": "DefaultEndpointsProtocol=https;AccountName=appstore4577687190;AccountKey=NnQtf4fnKmbGhEg8iQec1+0idiClv9oHLmSbcVtFS9JkO4ur0nFJlDnI8BcTv3Qe2uWhtexmEtqt+ASt04mh3Q==;EndpointSuffix=core.windows.net",
            "primary_dfs_endpoint": "https://appstore4577687190.dfs.core.windows.net/",
            "primary_dfs_host": "appstore4577687190.dfs.core.windows.net",
            "primary_file_endpoint": "https://appstore4577687190.file.core.windows.net/",
            "primary_file_host": "appstore4577687190.file.core.windows.net",
            "primary_location": "westeurope",
            "primary_queue_endpoint": "https://appstore4577687190.queue.core.windows.net/",
            "primary_queue_host": "appstore4577687190.queue.core.windows.net",
            "primary_table_endpoint": "https://appstore4577687190.table.core.windows.net/",
            "primary_table_host": "appstore4577687190.table.core.windows.net",
            "primary_web_endpoint": "https://appstore4577687190.z6.web.core.windows.net/",
            "primary_web_host": "appstore4577687190.z6.web.core.windows.net",
            "public_network_access_enabled": true,
            "queue_encryption_key_type": "Service",
            "queue_properties": [
              {
                "cors_rule": [],
                "hour_metrics": [
                  {
                    "enabled": true,
                    "include_apis": true,
                    "retention_policy_days": 7,
                    "version": "1.0"
                  }
                ],
                "logging": [
                  {
                    "delete": false,
                    "read": false,
                    "retention_policy_days": 0,
                    "version": "1.0",
                    "write": false
                  }
                ],
                "minute_metrics": [
                  {
                    "enabled": false,
                    "include_apis": false,
                    "retention_policy_days": 0,
                    "version": "1.0"
                  }
                ]
              }
            ],
            "resource_group_name": "app-grp",
            "routing": [],
            "sas_policy": [],
            "secondary_access_key": "l/5ORECiyr1685LXYo3ejGAz/zxdHE0+UErPAH9aLvJsTfUitmQFA9BEIwSs+bXLYmNCHbE7HHbg+ASt1hgnWw==",
            "secondary_blob_connection_string": "",
            "secondary_blob_endpoint": null,
            "secondary_blob_host": null,
            "secondary_connection_string": "DefaultEndpointsProtocol=https;AccountName=appstore4577687190;AccountKey=l/5ORECiyr1685LXYo3ejGAz/zxdHE0+UErPAH9aLvJsTfUitmQFA9BEIwSs+bXLYmNCHbE7HHbg+ASt1hgnWw==;EndpointSuffix=core.windows.net",
            "secondary_dfs_endpoint": null,
            "secondary_dfs_host": null,
            "secondary_file_endpoint": null,
            "secondary_file_host": null,
            "secondary_location": "",
            "secondary_queue_endpoint": null,
            "secondary_queue_host": null,
            "secondary_table_endpoint": null,
            "secondary_table_host": null,
            "secondary_web_endpoint": null,
            "secondary_web_host": null,
            "sftp_enabled": false,
            "share_properties": [
              {
                "cors_rule": [],
                "retention_policy": [
                  {
                    "days": 7
                  }
                ],
                "smb": []
              }
            ],
            "shared_access_key_enabled": true,
            "static_website": [],
            "table_encryption_key_type": "Service",
            "tags": {},
            "timeouts": null
          },
          "sensitive_attributes": [],
          "private": "eyJlMmJmYjczMC1lY2FhLTExZTYtOGY4OC0zNDM2M2JjN2M0YzAiOnsiY3JlYXRlIjozNjAwMDAwMDAwMDAwLCJkZWxldGUiOjM2MDAwMDAwMDAwMDAsInJlYWQiOjMwMDAwMDAwMDAwMCwidXBkYXRlIjozNjAwMDAwMDAwMDAwfSwic2NoZW1hX3ZlcnNpb24iOiIzIn0=",
          "dependencies": [
            "azurerm_resource_group.app_grp"
          ]
        }
      ]
    },
    {
      "mode": "managed",
      "type": "azurerm_storage_blob",
      "name": "IIS_config",
      "provider": "provider[\"registry.terraform.io/hashicorp/azurerm\"]",
      "instances": [
        {
          "schema_version": 1,
          "attributes": {
            "access_tier": "Hot",
            "cache_control": "",
            "content_md5": "",
            "content_type": "application/octet-stream",
            "id": "https://appstore4577687190.blob.core.windows.net/data/IIS_Config.ps1",
            "metadata": {},
            "name": "IIS_Config.ps1",
            "parallelism": 8,
            "size": 0,
            "source": "IIS_Config.ps1",
            "source_content": null,
            "source_uri": null,
            "storage_account_name": "appstore4577687190",
            "storage_container_name": "data",
            "timeouts": null,
            "type": "Block",
            "url": "https://appstore4577687190.blob.core.windows.net/data/IIS_Config.ps1"
          },
          "sensitive_attributes": [],
          "private": "eyJlMmJmYjczMC1lY2FhLTExZTYtOGY4OC0zNDM2M2JjN2M0YzAiOnsiY3JlYXRlIjoxODAwMDAwMDAwMDAwLCJkZWxldGUiOjE4MDAwMDAwMDAwMDAsInJlYWQiOjMwMDAwMDAwMDAwMCwidXBkYXRlIjoxODAwMDAwMDAwMDAwfSwic2NoZW1hX3ZlcnNpb24iOiIxIn0=",
          "dependencies": [
            "azurerm_resource_group.app_grp",
            "azurerm_storage_account.appstore",
            "azurerm_storage_container.data"
          ]
        }
      ]
    },
    {
      "mode": "managed",
      "type": "azurerm_storage_container",
      "name": "data",
      "provider": "provider[\"registry.terraform.io/hashicorp/azurerm\"]",
      "instances": [
        {
          "schema_version": 1,
          "attributes": {
            "container_access_type": "blob",
            "has_immutability_policy": false,
            "has_legal_hold": false,
            "id": "https://appstore4577687190.blob.core.windows.net/data",
            "metadata": {},
            "name": "data",
            "resource_manager_id": "/subscriptions/a15fb3ea-5303-4031-a93a-e7019dcbf285/resourceGroups/app-grp/providers/Microsoft.Storage/storageAccounts/appstore4577687190/blobServices/default/containers/data",
            "storage_account_name": "appstore4577687190",
            "timeouts": null
          },
          "sensitive_attributes": [],
          "private": "eyJlMmJmYjczMC1lY2FhLTExZTYtOGY4OC0zNDM2M2JjN2M0YzAiOnsiY3JlYXRlIjoxODAwMDAwMDAwMDAwLCJkZWxldGUiOjE4MDAwMDAwMDAwMDAsInJlYWQiOjMwMDAwMDAwMDAwMCwidXBkYXRlIjoxODAwMDAwMDAwMDAwfSwic2NoZW1hX3ZlcnNpb24iOiIxIn0=",
          "dependencies": [
            "azurerm_resource_group.app_grp",
            "azurerm_storage_account.appstore"
          ]
        }
      ]
    },
    {
      "mode": "managed",
      "type": "azurerm_subnet",
      "name": "SubnetA",
      "provider": "provider[\"registry.terraform.io/hashicorp/azurerm\"]",
      "instances": [
        {
          "schema_version": 0,
          "attributes": {
            "address_prefixes": [
              "10.0.1.0/24"
            ],
            "delegation": [],
            "enforce_private_link_endpoint_network_policies": false,
            "enforce_private_link_service_network_policies": false,
            "id": "/subscriptions/a15fb3ea-5303-4031-a93a-e7019dcbf285/resourceGroups/app-grp/providers/Microsoft.Network/virtualNetworks/app-network/subnets/SubnetA",
            "name": "SubnetA",
            "private_endpoint_network_policies_enabled": true,
            "private_link_service_network_policies_enabled": true,
            "resource_group_name": "app-grp",
            "service_endpoint_policy_ids": [],
            "service_endpoints": [],
            "timeouts": null,
            "virtual_network_name": "app-network"
          },
          "sensitive_attributes": [],
          "private": "eyJlMmJmYjczMC1lY2FhLTExZTYtOGY4OC0zNDM2M2JjN2M0YzAiOnsiY3JlYXRlIjoxODAwMDAwMDAwMDAwLCJkZWxldGUiOjE4MDAwMDAwMDAwMDAsInJlYWQiOjMwMDAwMDAwMDAwMCwidXBkYXRlIjoxODAwMDAwMDAwMDAwfX0=",
          "dependencies": [
            "azurerm_resource_group.app_grp",
            "azurerm_virtual_network.app_network"
          ]
        }
      ]
    },
    {
      "mode": "managed",
      "type": "azurerm_virtual_machine_extension",
      "name": "vm_extension",
      "provider": "provider[\"registry.terraform.io/hashicorp/azurerm\"]",
      "instances": [
        {
          "schema_version": 0,
          "attributes": {
            "auto_upgrade_minor_version": false,
            "automatic_upgrade_enabled": false,
            "failure_suppression_enabled": false,
            "id": "/subscriptions/a15fb3ea-5303-4031-a93a-e7019dcbf285/resourceGroups/app-grp/providers/Microsoft.Compute/virtualMachines/appvm/extensions/appvm-extension",
            "name": "appvm-extension",
            "protected_settings": null,
            "protected_settings_from_key_vault": [],
            "publisher": "Microsoft.Compute",
            "settings": "{\"commandToExecute\":\"powershell -ExecutionPolicy Unrestricted -file IIS_Config.ps1\",\"fileUris\":[\"https://appstore4577687190.blob.core.windows.net/data/IIS_Config.ps1\"]}",
            "tags": {},
            "timeouts": null,
            "type": "CustomScriptExtension",
            "type_handler_version": "1.9",
            "virtual_machine_id": "/subscriptions/a15fb3ea-5303-4031-a93a-e7019dcbf285/resourceGroups/app-grp/providers/Microsoft.Compute/virtualMachines/appvm"
          },
          "sensitive_attributes": [],
          "private": "eyJlMmJmYjczMC1lY2FhLTExZTYtOGY4OC0zNDM2M2JjN2M0YzAiOnsiY3JlYXRlIjoxODAwMDAwMDAwMDAwLCJkZWxldGUiOjE4MDAwMDAwMDAwMDAsInJlYWQiOjMwMDAwMDAwMDAwMCwidXBkYXRlIjoxODAwMDAwMDAwMDAwfX0=",
          "dependencies": [
            "azurerm_network_interface.app_interface",
            "azurerm_public_ip.app_public_ip",
            "azurerm_resource_group.app_grp",
            "azurerm_storage_account.appstore",
            "azurerm_storage_blob.IIS_config",
            "azurerm_storage_container.data",
            "azurerm_subnet.SubnetA",
            "azurerm_virtual_network.app_network",
            "azurerm_windows_virtual_machine.app_vm"
          ]
        }
      ]
    },
    {
      "mode": "managed",
      "type": "azurerm_virtual_network",
      "name": "app_network",
      "provider": "provider[\"registry.terraform.io/hashicorp/azurerm\"]",
      "instances": [
        {
          "schema_version": 0,
          "attributes": {
            "address_space": [
              "10.0.0.0/16"
            ],
            "bgp_community": "",
            "ddos_protection_plan": [],
            "dns_servers": [],
            "edge_zone": "",
            "flow_timeout_in_minutes": 0,
            "guid": "57cc6836-0f87-480a-900b-b534bc586e06",
            "id": "/subscriptions/a15fb3ea-5303-4031-a93a-e7019dcbf285/resourceGroups/app-grp/providers/Microsoft.Network/virtualNetworks/app-network",
            "location": "westeurope",
            "name": "app-network",
            "resource_group_name": "app-grp",
            "subnet": [
              {
                "address_prefix": "10.0.1.0/24",
                "id": "/subscriptions/a15fb3ea-5303-4031-a93a-e7019dcbf285/resourceGroups/app-grp/providers/Microsoft.Network/virtualNetworks/app-network/subnets/SubnetA",
                "name": "SubnetA",
                "security_group": ""
              }
            ],
            "tags": {},
            "timeouts": null
          },
          "sensitive_attributes": [],
          "private": "eyJlMmJmYjczMC1lY2FhLTExZTYtOGY4OC0zNDM2M2JjN2M0YzAiOnsiY3JlYXRlIjoxODAwMDAwMDAwMDAwLCJkZWxldGUiOjE4MDAwMDAwMDAwMDAsInJlYWQiOjMwMDAwMDAwMDAwMCwidXBkYXRlIjoxODAwMDAwMDAwMDAwfX0=",
          "dependencies": [
            "azurerm_resource_group.app_grp"
          ]
        }
      ]
    },
    {
      "mode": "managed",
      "type": "azurerm_windows_virtual_machine",
      "name": "app_vm",
      "provider": "provider[\"registry.terraform.io/hashicorp/azurerm\"]",
      "instances": [
        {
          "schema_version": 0,
          "attributes": {
            "additional_capabilities": [],
            "additional_unattend_content": [],
            "admin_password": "Azure@123",
            "admin_username": "demousr",
            "allow_extension_operations": true,
            "availability_set_id": "",
            "boot_diagnostics": [],
            "capacity_reservation_group_id": "",
            "computer_name": "appvm",
            "custom_data": null,
            "dedicated_host_group_id": "",
            "dedicated_host_id": "",
            "edge_zone": "",
            "enable_automatic_updates": true,
            "encryption_at_host_enabled": false,
            "eviction_policy": "",
            "extensions_time_budget": "PT1H30M",
            "gallery_application": [],
            "hotpatching_enabled": false,
            "id": "/subscriptions/a15fb3ea-5303-4031-a93a-e7019dcbf285/resourceGroups/app-grp/providers/Microsoft.Compute/virtualMachines/appvm",
            "identity": [],
            "license_type": "",
            "location": "westeurope",
            "max_bid_price": -1,
            "name": "appvm",
            "network_interface_ids": [
              "/subscriptions/a15fb3ea-5303-4031-a93a-e7019dcbf285/resourceGroups/app-grp/providers/Microsoft.Network/networkInterfaces/app-interface"
            ],
            "os_disk": [
              {
                "caching": "ReadWrite",
                "diff_disk_settings": [],
                "disk_encryption_set_id": "",
                "disk_size_gb": 127,
                "name": "appvm_disk1_406f4b6f7d4a4c1bad8d22c72523dddc",
                "secure_vm_disk_encryption_set_id": "",
                "security_encryption_type": "",
                "storage_account_type": "Standard_LRS",
                "write_accelerator_enabled": false
              }
            ],
            "patch_assessment_mode": "ImageDefault",
            "patch_mode": "AutomaticByOS",
            "plan": [],
            "platform_fault_domain": -1,
            "priority": "Regular",
            "private_ip_address": "10.0.1.4",
            "private_ip_addresses": [
              "10.0.1.4"
            ],
            "provision_vm_agent": true,
            "proximity_placement_group_id": "",
            "public_ip_address": "51.145.235.164",
            "public_ip_addresses": [
              "51.145.235.164"
            ],
            "resource_group_name": "app-grp",
            "secret": [],
            "secure_boot_enabled": false,
            "size": "Standard_D2s_v3",
            "source_image_id": "",
            "source_image_reference": [
              {
                "offer": "WindowsServer",
                "publisher": "MicrosoftWindowsServer",
                "sku": "2019-Datacenter",
                "version": "latest"
              }
            ],
            "tags": {},
            "termination_notification": [],
            "timeouts": null,
            "timezone": "",
            "user_data": "",
            "virtual_machine_id": "7c372e49-6083-4885-abe6-215976d3214e",
            "virtual_machine_scale_set_id": "",
            "vtpm_enabled": false,
            "winrm_listener": [],
            "zone": ""
          },
          "sensitive_attributes": [],
          "private": "eyJlMmJmYjczMC1lY2FhLTExZTYtOGY4OC0zNDM2M2JjN2M0YzAiOnsiY3JlYXRlIjoyNzAwMDAwMDAwMDAwLCJkZWxldGUiOjI3MDAwMDAwMDAwMDAsInJlYWQiOjMwMDAwMDAwMDAwMCwidXBkYXRlIjoyNzAwMDAwMDAwMDAwfX0=",
          "dependencies": [
            "azurerm_network_interface.app_interface",
            "azurerm_public_ip.app_public_ip",
            "azurerm_resource_group.app_grp",
            "azurerm_subnet.SubnetA",
            "azurerm_virtual_network.app_network"
          ]
        }
      ]
    }
  ],
  "check_results": null
}
